
Microsoft Visual Studio Solution File, Format Version 12.00
# Visual Studio Version 17
VisualStudioVersion = 17.7.34031.279
MinimumVisualStudioVersion = 10.0.40219.1
Project("{FAE04EC0-301F-11D3-BF4B-00C04F79EFBC}") = "string1", "string1\string1.csproj", "{BCE0A7EB-5FF4-44B7-92F6-8C70FDEE5733}"
EndProject
Global
	GlobalSection(SolutionConfigurationPlatforms) = preSolution
		Debug|Any CPU = Debug|Any CPU
		Release|Any CPU = Release|Any CPU
	EndGlobalSection
	GlobalSection(ProjectConfigurationPlatforms) = postSolution
		{BCE0A7EB-5FF4-44B7-92F6-8C70FDEE5733}.Debug|Any CPU.ActiveCfg = Debug|Any CPU
		{BCE0A7EB-5FF4-44B7-92F6-8C70FDEE5733}.Debug|Any CPU.Build.0 = Debug|Any CPU
		{BCE0A7EB-5FF4-44B7-92F6-8C70FDEE5733}.Release|Any CPU.ActiveCfg = Release|Any CPU
		{BCE0A7EB-5FF4-44B7-92F6-8C70FDEE5733}.Release|Any CPU.Build.0 = Release|Any CPU
	EndGlobalSection
	GlobalSection(SolutionProperties) = preSolution
		HideSolutionNode = FALSE
	EndGlobalSection
	GlobalSection(ExtensibilityGlobals) = postSolution
		SolutionGuid = {C02B82CF-FD80-4ED6-9435-74B0A379A56B}
	EndGlobalSection
EndGlobal
